{
  "nodes": {
    "barbar-nvim": {
      "flake": false,
      "locked": {
        "lastModified": 1618968856,
        "narHash": "sha256-+6rRSAGml9awEwSphPQtMPutkPHscvQUH7KiHv3LBFo=",
        "owner": "romgrk",
        "repo": "barbar.nvim",
        "rev": "54b4376d9a44b45f12b0f6f5bcc46f98b66782e1",
        "type": "github"
      },
      "original": {
        "owner": "romgrk",
        "repo": "barbar.nvim",
        "type": "github"
      }
    },
    "base16-vim": {
      "flake": false,
      "locked": {
        "lastModified": 1559893574,
        "narHash": "sha256-6FsT87qcl9GBxgxrPx2bPULIMA/O8TRxHaN49qMM4uM=",
        "owner": "chriskempson",
        "repo": "base16-vim",
        "rev": "6191622d5806d4448fa2285047936bdcee57a098",
        "type": "github"
      },
      "original": {
        "owner": "chriskempson",
        "repo": "base16-vim",
        "type": "github"
      }
    },
    "flake-compat": {
      "flake": false,
      "locked": {
        "lastModified": 1606424373,
        "narHash": "sha256-oq8d4//CJOrVj+EcOaSXvMebvuTkmBJuT5tzlfewUnQ=",
        "owner": "edolstra",
        "repo": "flake-compat",
        "rev": "99f1c2157fba4bfe6211a321fd0ee43199025dbf",
        "type": "github"
      },
      "original": {
        "owner": "edolstra",
        "repo": "flake-compat",
        "type": "github"
      }
    },
    "flake-utils": {
      "locked": {
        "lastModified": 1618868421,
        "narHash": "sha256-vyoJhLV6cJ8/tWz+l9HZLIkb9Rd9esE7p+0RL6zDR6Y=",
        "owner": "numtide",
        "repo": "flake-utils",
        "rev": "eed214942bcfb3a8cc09eb3b28ca7d7221e44a94",
        "type": "github"
      },
      "original": {
        "owner": "numtide",
        "repo": "flake-utils",
        "type": "github"
      }
    },
    "flake-utils_2": {
      "locked": {
        "lastModified": 1610051610,
        "narHash": "sha256-U9rPz/usA1/Aohhk7Cmc2gBrEEKRzcW4nwPWMPwja4Y=",
        "owner": "numtide",
        "repo": "flake-utils",
        "rev": "3982c9903e93927c2164caa727cd3f6a0e6d14cc",
        "type": "github"
      },
      "original": {
        "owner": "numtide",
        "repo": "flake-utils",
        "type": "github"
      }
    },
    "galaxyline-nvim": {
      "flake": false,
      "locked": {
        "lastModified": 1618039015,
        "narHash": "sha256-QKhveSq5JJJPOhhFeiME4padtAepnlWYviJRy1R+/TA=",
        "owner": "glepnir",
        "repo": "galaxyline.nvim",
        "rev": "cbf64bd4869c810b92f6450ed8763456c489be87",
        "type": "github"
      },
      "original": {
        "owner": "glepnir",
        "repo": "galaxyline.nvim",
        "type": "github"
      }
    },
    "lspsaga-nvim": {
      "flake": false,
      "locked": {
        "lastModified": 1618752558,
        "narHash": "sha256-XrfIFJInhZuRohMEeoajPuR4rSu50ROsk4hA5Cr6+Pk=",
        "owner": "glepnir",
        "repo": "lspsaga.nvim",
        "rev": "333178b4e941eb19d9c97c0b0b5640c76363b0ad",
        "type": "github"
      },
      "original": {
        "owner": "glepnir",
        "repo": "lspsaga.nvim",
        "type": "github"
      }
    },
    "neovim": {
      "inputs": {
        "flake-utils": "flake-utils_2",
        "nixpkgs": "nixpkgs"
      },
      "locked": {
        "dir": "contrib",
        "lastModified": 1618894962,
        "narHash": "sha256-CQknHho/TxSYIgs83CA8IZO/7ux+DprnlFzqIeh/V24=",
        "owner": "neovim",
        "repo": "neovim",
        "rev": "7bf62ab0226d41208a608e92cb292b4c3c2b7646",
        "type": "github"
      },
      "original": {
        "dir": "contrib",
        "owner": "neovim",
        "ref": "nightly",
        "repo": "neovim",
        "type": "github"
      }
    },
    "nixpkgs": {
      "locked": {
        "lastModified": 1613226215,
        "narHash": "sha256-3rA5cGIrBHD6yeKhNhsF7/t461ww25oJY8KyBb0IhjU=",
        "owner": "nixos",
        "repo": "nixpkgs",
        "rev": "ff96a0fa5635770390b184ae74debea75c3fd534",
        "type": "github"
      },
      "original": {
        "owner": "nixos",
        "ref": "nixos-unstable",
        "repo": "nixpkgs",
        "type": "github"
      }
    },
    "nixpkgs_2": {
      "locked": {
        "lastModified": 1618975354,
        "narHash": "sha256-U0WdVfyBCgjqj/ukkEiaLjR8aHxrkWAN1BHETRUuPmA=",
        "owner": "nixos",
        "repo": "nixpkgs",
        "rev": "04bb7dc19bc7b382f76b186e9674397a4f371f4a",
        "type": "github"
      },
      "original": {
        "owner": "nixos",
        "ref": "nixpkgs-unstable",
        "repo": "nixpkgs",
        "type": "github"
      }
    },
    "nvcode-color-schemes-vim": {
      "flake": false,
      "locked": {
        "lastModified": 1617986880,
        "narHash": "sha256-S71eIwEfir9HdDQGBuZFbiUzCXE1tFMaddzV7CNYS2k=",
        "owner": "ChristianChiarulli",
        "repo": "nvcode-color-schemes.vim",
        "rev": "90ee71d66da58d57f0cb4a59103874bb519c79d4",
        "type": "github"
      },
      "original": {
        "owner": "ChristianChiarulli",
        "repo": "nvcode-color-schemes.vim",
        "type": "github"
      }
    },
    "nvim-colorizer-lua": {
      "flake": false,
      "locked": {
        "lastModified": 1591879145,
        "narHash": "sha256-6YrnItxExL2C8pNIdLd+hXCjsB2MbZANwWkah6dreD8=",
        "owner": "norcalli",
        "repo": "nvim-colorizer.lua",
        "rev": "36c610a9717cc9ec426a07c8e6bf3b3abcb139d6",
        "type": "github"
      },
      "original": {
        "owner": "norcalli",
        "repo": "nvim-colorizer.lua",
        "type": "github"
      }
    },
    "nvim-compe": {
      "flake": false,
      "locked": {
        "lastModified": 1618847415,
        "narHash": "sha256-g8UXtl23Of8vSzdqwAurNRELal9SbS1g0QOKXIe9sLQ=",
        "owner": "hrsh7th",
        "repo": "nvim-compe",
        "rev": "99452ae6875889c12653963b68e53c4564848954",
        "type": "github"
      },
      "original": {
        "owner": "hrsh7th",
        "repo": "nvim-compe",
        "type": "github"
      }
    },
    "nvim-lspconfig": {
      "flake": false,
      "locked": {
        "lastModified": 1618837782,
        "narHash": "sha256-DwZZy6c7+v+RwZGHf+ovnGI4VcdPJxxwXGgjOnfy99o=",
        "owner": "neovim",
        "repo": "nvim-lspconfig",
        "rev": "5c005ce93367ad85933eff80887228bca2a7efee",
        "type": "github"
      },
      "original": {
        "owner": "neovim",
        "repo": "nvim-lspconfig",
        "type": "github"
      }
    },
    "nvim-tree-lua": {
      "flake": false,
      "locked": {
        "lastModified": 1618955303,
        "narHash": "sha256-re85AibI2+KW6RQOo3QBR8fhQ26kUHP55x/6Mi6zZ9U=",
        "owner": "kyazdani42",
        "repo": "nvim-tree.lua",
        "rev": "796628a7651f9399637ad8376bab920fb10493cf",
        "type": "github"
      },
      "original": {
        "owner": "kyazdani42",
        "repo": "nvim-tree.lua",
        "type": "github"
      }
    },
    "nvim-treesitter": {
      "flake": false,
      "locked": {
        "lastModified": 1618870651,
        "narHash": "sha256-F2FscFKl/AoNeLp9BdTjw5HmWibkGGEX9YFNvxPq9ys=",
        "owner": "nvim-treesitter",
        "repo": "nvim-treesitter",
        "rev": "df189e28a498d90dc8813e90944e0999bc936e56",
        "type": "github"
      },
      "original": {
        "owner": "nvim-treesitter",
        "repo": "nvim-treesitter",
        "type": "github"
      }
    },
    "nvim-web-devicons": {
      "flake": false,
      "locked": {
        "lastModified": 1618594387,
        "narHash": "sha256-DOurMGv1XHY3J/6N5fRrAk45MmM55jobhkVKAcKsCeM=",
        "owner": "kyazdani42",
        "repo": "nvim-web-devicons",
        "rev": "1db27380053de0cd4aaabd236a67c52d33199f1a",
        "type": "github"
      },
      "original": {
        "owner": "kyazdani42",
        "repo": "nvim-web-devicons",
        "type": "github"
      }
    },
    "plenary-nvim": {
      "flake": false,
      "locked": {
        "lastModified": 1618949656,
        "narHash": "sha256-Os5eXUuckDAr3YCFiPo2Ma2rznDmMGqRwhW811eRAqo=",
        "owner": "nvim-lua",
        "repo": "plenary.nvim",
        "rev": "1a31d076a097ac23c0110537a99b686874ae2cdc",
        "type": "github"
      },
      "original": {
        "owner": "nvim-lua",
        "repo": "plenary.nvim",
        "type": "github"
      }
    },
    "popup-nvim": {
      "flake": false,
      "locked": {
        "lastModified": 1615348315,
        "narHash": "sha256-1s/x4KMzDIZat4AHVEqe/IcGsD7xEClEWrt8o5aaL0g=",
        "owner": "nvim-lua",
        "repo": "popup.nvim",
        "rev": "bc98ca6df9179452c368f0d7bac821a8fd4c01ac",
        "type": "github"
      },
      "original": {
        "owner": "nvim-lua",
        "repo": "popup.nvim",
        "type": "github"
      }
    },
    "root": {
      "inputs": {
        "barbar-nvim": "barbar-nvim",
        "base16-vim": "base16-vim",
        "flake-compat": "flake-compat",
        "flake-utils": "flake-utils",
        "galaxyline-nvim": "galaxyline-nvim",
        "lspsaga-nvim": "lspsaga-nvim",
        "neovim": "neovim",
        "nixpkgs": "nixpkgs_2",
        "nvcode-color-schemes-vim": "nvcode-color-schemes-vim",
        "nvim-colorizer-lua": "nvim-colorizer-lua",
        "nvim-compe": "nvim-compe",
        "nvim-lspconfig": "nvim-lspconfig",
        "nvim-tree-lua": "nvim-tree-lua",
        "nvim-treesitter": "nvim-treesitter",
        "nvim-web-devicons": "nvim-web-devicons",
        "plenary-nvim": "plenary-nvim",
        "popup-nvim": "popup-nvim",
        "telescope-frecency-nvim": "telescope-frecency-nvim",
        "telescope-media-files-nvim": "telescope-media-files-nvim"
      }
    },
    "telescope-frecency-nvim": {
      "flake": false,
      "locked": {
        "lastModified": 1618658215,
        "narHash": "sha256-s5OcVztZrp0JFOUR9D8eOiweUVnZWlilcHuyfqajAaU=",
        "owner": "nvim-telescope",
        "repo": "telescope-frecency.nvim",
        "rev": "721300e3d6f4a7157a781014d3d69bb1c7b702a3",
        "type": "github"
      },
      "original": {
        "owner": "nvim-telescope",
        "repo": "telescope-frecency.nvim",
        "type": "github"
      }
    },
    "telescope-media-files-nvim": {
      "flake": false,
      "locked": {
        "lastModified": 1615476531,
        "narHash": "sha256-Kg0zpRgEWiAribesj6UxMG9nDlf1d2zDFb6DJZgPHpg=",
        "owner": "nvim-telescope",
        "repo": "telescope-media-files.nvim",
        "rev": "85f6cf21ae49cc8291a07728498a64ae67fef503",
        "type": "github"
      },
      "original": {
        "owner": "nvim-telescope",
        "repo": "telescope-media-files.nvim",
        "type": "github"
      }
    }
  },
  "root": "root",
  "version": 7
}
